
Microsoft Visual Studio Solution File, Format Version 12.00
# Visual Studio 14
VisualStudioVersion = 14.0.25420.1
MinimumVisualStudioVersion = 10.0.40219.1
Project("{FAE04EC0-301F-11D3-BF4B-00C04F79EFBC}") = "HSOIdentityServer", "HSOIdentityServer\HSOIdentityServer.csproj", "{55C1DCEB-D89B-4A93-A8F4-F2AC0C621A49}"
EndProject
Project("{FAE04EC0-301F-11D3-BF4B-00C04F79EFBC}") = "HSOIdentityManager.AspNetIdentity", "HSOIdentityManager.AspNetIdentity\HSOIdentityManager.AspNetIdentity.csproj", "{35FB37DA-28D5-4158-86A2-74D6275B842F}"
EndProject
Project("{FAE04EC0-301F-11D3-BF4B-00C04F79EFBC}") = "HSOIdentityServer.Custom", "HSOIdentityServer.Custom\HSOIdentityServer.Custom.csproj", "{4EF12D2A-2E05-4825-A649-27FCA73A39AA}"
EndProject
Project("{FAE04EC0-301F-11D3-BF4B-00C04F79EFBC}") = "HSOIdentityManager.Host", "HSOIdentityManager.Host\HSOIdentityManager.Host.csproj", "{C01CB661-8C18-4567-A218-3857318501E1}"
EndProject
Project("{FAE04EC0-301F-11D3-BF4B-00C04F79EFBC}") = "HSOIdentityManager.Core", "HSOIdentityManager.Core\HSOIdentityManager.Core.csproj", "{319E13DD-C16A-4936-B179-BBFBA52C693B}"
EndProject
Project("{FAE04EC0-301F-11D3-BF4B-00C04F79EFBC}") = "UpdateDbByReadingExcel", "UpdateDbByReadingExcel\UpdateDbByReadingExcel\UpdateDbByReadingExcel.csproj", "{6B0A5A75-6BE6-4821-89FB-B0622FB569C5}"
EndProject
Global
	GlobalSection(SolutionConfigurationPlatforms) = preSolution
		Debug|Any CPU = Debug|Any CPU
		DEVDEBUG|Any CPU = DEVDEBUG|Any CPU
		LIVE|Any CPU = LIVE|Any CPU
		Release|Any CPU = Release|Any CPU
		STAGE|Any CPU = STAGE|Any CPU
		TEST|Any CPU = TEST|Any CPU
	EndGlobalSection
	GlobalSection(ProjectConfigurationPlatforms) = postSolution
		{55C1DCEB-D89B-4A93-A8F4-F2AC0C621A49}.Debug|Any CPU.ActiveCfg = Debug|Any CPU
		{55C1DCEB-D89B-4A93-A8F4-F2AC0C621A49}.Debug|Any CPU.Build.0 = Debug|Any CPU
		{55C1DCEB-D89B-4A93-A8F4-F2AC0C621A49}.DEVDEBUG|Any CPU.ActiveCfg = DEVDEBUG|Any CPU
		{55C1DCEB-D89B-4A93-A8F4-F2AC0C621A49}.DEVDEBUG|Any CPU.Build.0 = DEVDEBUG|Any CPU
		{55C1DCEB-D89B-4A93-A8F4-F2AC0C621A49}.LIVE|Any CPU.ActiveCfg = LIVE|Any CPU
		{55C1DCEB-D89B-4A93-A8F4-F2AC0C621A49}.LIVE|Any CPU.Build.0 = LIVE|Any CPU
		{55C1DCEB-D89B-4A93-A8F4-F2AC0C621A49}.Release|Any CPU.ActiveCfg = Release|Any CPU
		{55C1DCEB-D89B-4A93-A8F4-F2AC0C621A49}.Release|Any CPU.Build.0 = Release|Any CPU
		{55C1DCEB-D89B-4A93-A8F4-F2AC0C621A49}.STAGE|Any CPU.ActiveCfg = STAGE|Any CPU
		{55C1DCEB-D89B-4A93-A8F4-F2AC0C621A49}.STAGE|Any CPU.Build.0 = STAGE|Any CPU
		{55C1DCEB-D89B-4A93-A8F4-F2AC0C621A49}.TEST|Any CPU.ActiveCfg = TEST|Any CPU
		{55C1DCEB-D89B-4A93-A8F4-F2AC0C621A49}.TEST|Any CPU.Build.0 = TEST|Any CPU
		{35FB37DA-28D5-4158-86A2-74D6275B842F}.Debug|Any CPU.ActiveCfg = Debug|Any CPU
		{35FB37DA-28D5-4158-86A2-74D6275B842F}.Debug|Any CPU.Build.0 = Debug|Any CPU
		{35FB37DA-28D5-4158-86A2-74D6275B842F}.DEVDEBUG|Any CPU.ActiveCfg = DEVDEBUG|Any CPU
		{35FB37DA-28D5-4158-86A2-74D6275B842F}.DEVDEBUG|Any CPU.Build.0 = DEVDEBUG|Any CPU
		{35FB37DA-28D5-4158-86A2-74D6275B842F}.LIVE|Any CPU.ActiveCfg = LIVE|Any CPU
		{35FB37DA-28D5-4158-86A2-74D6275B842F}.LIVE|Any CPU.Build.0 = LIVE|Any CPU
		{35FB37DA-28D5-4158-86A2-74D6275B842F}.Release|Any CPU.ActiveCfg = Release|Any CPU
		{35FB37DA-28D5-4158-86A2-74D6275B842F}.Release|Any CPU.Build.0 = Release|Any CPU
		{35FB37DA-28D5-4158-86A2-74D6275B842F}.STAGE|Any CPU.ActiveCfg = STAGE|Any CPU
		{35FB37DA-28D5-4158-86A2-74D6275B842F}.STAGE|Any CPU.Build.0 = STAGE|Any CPU
		{35FB37DA-28D5-4158-86A2-74D6275B842F}.TEST|Any CPU.ActiveCfg = TEST|Any CPU
		{35FB37DA-28D5-4158-86A2-74D6275B842F}.TEST|Any CPU.Build.0 = TEST|Any CPU
		{4EF12D2A-2E05-4825-A649-27FCA73A39AA}.Debug|Any CPU.ActiveCfg = Debug|Any CPU
		{4EF12D2A-2E05-4825-A649-27FCA73A39AA}.Debug|Any CPU.Build.0 = Debug|Any CPU
		{4EF12D2A-2E05-4825-A649-27FCA73A39AA}.DEVDEBUG|Any CPU.ActiveCfg = DEVDEBUG|Any CPU
		{4EF12D2A-2E05-4825-A649-27FCA73A39AA}.DEVDEBUG|Any CPU.Build.0 = DEVDEBUG|Any CPU
		{4EF12D2A-2E05-4825-A649-27FCA73A39AA}.LIVE|Any CPU.ActiveCfg = LIVE|Any CPU
		{4EF12D2A-2E05-4825-A649-27FCA73A39AA}.LIVE|Any CPU.Build.0 = LIVE|Any CPU
		{4EF12D2A-2E05-4825-A649-27FCA73A39AA}.Release|Any CPU.ActiveCfg = Release|Any CPU
		{4EF12D2A-2E05-4825-A649-27FCA73A39AA}.Release|Any CPU.Build.0 = Release|Any CPU
		{4EF12D2A-2E05-4825-A649-27FCA73A39AA}.STAGE|Any CPU.ActiveCfg = STAGE|Any CPU
		{4EF12D2A-2E05-4825-A649-27FCA73A39AA}.STAGE|Any CPU.Build.0 = STAGE|Any CPU
		{4EF12D2A-2E05-4825-A649-27FCA73A39AA}.TEST|Any CPU.ActiveCfg = TEST|Any CPU
		{4EF12D2A-2E05-4825-A649-27FCA73A39AA}.TEST|Any CPU.Build.0 = TEST|Any CPU
		{C01CB661-8C18-4567-A218-3857318501E1}.Debug|Any CPU.ActiveCfg = Debug|Any CPU
		{C01CB661-8C18-4567-A218-3857318501E1}.Debug|Any CPU.Build.0 = Debug|Any CPU
		{C01CB661-8C18-4567-A218-3857318501E1}.DEVDEBUG|Any CPU.ActiveCfg = DEVDEBUG|Any CPU
		{C01CB661-8C18-4567-A218-3857318501E1}.DEVDEBUG|Any CPU.Build.0 = DEVDEBUG|Any CPU
		{C01CB661-8C18-4567-A218-3857318501E1}.LIVE|Any CPU.ActiveCfg = LIVE|Any CPU
		{C01CB661-8C18-4567-A218-3857318501E1}.LIVE|Any CPU.Build.0 = LIVE|Any CPU
		{C01CB661-8C18-4567-A218-3857318501E1}.Release|Any CPU.ActiveCfg = Release|Any CPU
		{C01CB661-8C18-4567-A218-3857318501E1}.Release|Any CPU.Build.0 = Release|Any CPU
		{C01CB661-8C18-4567-A218-3857318501E1}.STAGE|Any CPU.ActiveCfg = STAGE|Any CPU
		{C01CB661-8C18-4567-A218-3857318501E1}.STAGE|Any CPU.Build.0 = STAGE|Any CPU
		{C01CB661-8C18-4567-A218-3857318501E1}.TEST|Any CPU.ActiveCfg = TEST|Any CPU
		{C01CB661-8C18-4567-A218-3857318501E1}.TEST|Any CPU.Build.0 = TEST|Any CPU
		{319E13DD-C16A-4936-B179-BBFBA52C693B}.Debug|Any CPU.ActiveCfg = Debug|Any CPU
		{319E13DD-C16A-4936-B179-BBFBA52C693B}.Debug|Any CPU.Build.0 = Debug|Any CPU
		{319E13DD-C16A-4936-B179-BBFBA52C693B}.DEVDEBUG|Any CPU.ActiveCfg = DEVDEBUG|Any CPU
		{319E13DD-C16A-4936-B179-BBFBA52C693B}.DEVDEBUG|Any CPU.Build.0 = DEVDEBUG|Any CPU
		{319E13DD-C16A-4936-B179-BBFBA52C693B}.LIVE|Any CPU.ActiveCfg = LIVE|Any CPU
		{319E13DD-C16A-4936-B179-BBFBA52C693B}.LIVE|Any CPU.Build.0 = LIVE|Any CPU
		{319E13DD-C16A-4936-B179-BBFBA52C693B}.Release|Any CPU.ActiveCfg = Release|Any CPU
		{319E13DD-C16A-4936-B179-BBFBA52C693B}.Release|Any CPU.Build.0 = Release|Any CPU
		{319E13DD-C16A-4936-B179-BBFBA52C693B}.STAGE|Any CPU.ActiveCfg = STAGE|Any CPU
		{319E13DD-C16A-4936-B179-BBFBA52C693B}.STAGE|Any CPU.Build.0 = STAGE|Any CPU
		{319E13DD-C16A-4936-B179-BBFBA52C693B}.TEST|Any CPU.ActiveCfg = TEST|Any CPU
		{6B0A5A75-6BE6-4821-89FB-B0622FB569C5}.Debug|Any CPU.ActiveCfg = Debug|Any CPU
		{6B0A5A75-6BE6-4821-89FB-B0622FB569C5}.Debug|Any CPU.Build.0 = Debug|Any CPU
		{6B0A5A75-6BE6-4821-89FB-B0622FB569C5}.DEVDEBUG|Any CPU.ActiveCfg = Debug|Any CPU
		{6B0A5A75-6BE6-4821-89FB-B0622FB569C5}.DEVDEBUG|Any CPU.Build.0 = Debug|Any CPU
		{6B0A5A75-6BE6-4821-89FB-B0622FB569C5}.LIVE|Any CPU.ActiveCfg = Release|Any CPU
		{6B0A5A75-6BE6-4821-89FB-B0622FB569C5}.LIVE|Any CPU.Build.0 = Release|Any CPU
		{6B0A5A75-6BE6-4821-89FB-B0622FB569C5}.Release|Any CPU.ActiveCfg = Release|Any CPU
		{6B0A5A75-6BE6-4821-89FB-B0622FB569C5}.Release|Any CPU.Build.0 = Release|Any CPU
		{6B0A5A75-6BE6-4821-89FB-B0622FB569C5}.STAGE|Any CPU.ActiveCfg = Release|Any CPU
		{6B0A5A75-6BE6-4821-89FB-B0622FB569C5}.STAGE|Any CPU.Build.0 = Release|Any CPU
		{6B0A5A75-6BE6-4821-89FB-B0622FB569C5}.TEST|Any CPU.ActiveCfg = Release|Any CPU
		{6B0A5A75-6BE6-4821-89FB-B0622FB569C5}.TEST|Any CPU.Build.0 = Release|Any CPU
	EndGlobalSection
	GlobalSection(SolutionProperties) = preSolution
		HideSolutionNode = FALSE
	EndGlobalSection
EndGlobal
