
Microsoft Visual Studio Solution File, Format Version 12.00
# Visual Studio 14
VisualStudioVersion = 14.0.25420.1
MinimumVisualStudioVersion = 10.0.40219.1
Project("{FAE04EC0-301F-11D3-BF4B-00C04F79EFBC}") = "BDL", "BDL\BDL.csproj", "{E3287180-2CC9-4937-A25A-E15AD3E2348E}"
EndProject
Project("{FAE04EC0-301F-11D3-BF4B-00C04F79EFBC}") = "PortalWebService", "PortalWebService\PortalWebService.csproj", "{CADCBA3C-31CF-42ED-A24E-EBD920C6DCCD}"
EndProject
Project("{E24C65DC-7377-472B-9ABA-BC803B73C61A}") = "Portal", "Portal\", "{87FD4957-62CC-417F-A6FA-4427ADDE57DD}"
	ProjectSection(WebsiteProperties) = preProject
		TargetFrameworkMoniker = ".NETFramework,Version%3Dv4.0"
		Debug.AspNetCompiler.VirtualPath = "/localhost_63524"
		Debug.AspNetCompiler.PhysicalPath = "Portal\"
		Debug.AspNetCompiler.TargetPath = "PrecompiledWeb\localhost_63524\"
		Debug.AspNetCompiler.Updateable = "true"
		Debug.AspNetCompiler.ForceOverwrite = "true"
		Debug.AspNetCompiler.FixedNames = "false"
		Debug.AspNetCompiler.Debug = "True"
		Release.AspNetCompiler.VirtualPath = "/localhost_63524"
		Release.AspNetCompiler.PhysicalPath = "Portal\"
		Release.AspNetCompiler.TargetPath = "PrecompiledWeb\localhost_63524\"
		Release.AspNetCompiler.Updateable = "true"
		Release.AspNetCompiler.ForceOverwrite = "true"
		Release.AspNetCompiler.FixedNames = "false"
		Release.AspNetCompiler.Debug = "False"
		VWDPort = "63524"
		SlnRelativePath = "Portal\"
	EndProjectSection
EndProject
Project("{FAE04EC0-301F-11D3-BF4B-00C04F79EFBC}") = "AssessmentManualGenerator", "AssessmentManualGenerator\AssessmentManualGenerator.csproj", "{F00C037E-ABF1-429D-A044-C305CE6A8062}"
EndProject
Global
	GlobalSection(SolutionConfigurationPlatforms) = preSolution
		Debug|Any CPU = Debug|Any CPU
		Debug|ARM = Debug|ARM
		Debug|x64 = Debug|x64
		Debug|x86 = Debug|x86
		Demo|Any CPU = Demo|Any CPU
		Demo|ARM = Demo|ARM
		Demo|x64 = Demo|x64
		Demo|x86 = Demo|x86
		Live|Any CPU = Live|Any CPU
		Live|ARM = Live|ARM
		Live|x64 = Live|x64
		Live|x86 = Live|x86
		local|Any CPU = local|Any CPU
		local|ARM = local|ARM
		local|x64 = local|x64
		local|x86 = local|x86
		Release|Any CPU = Release|Any CPU
		Release|ARM = Release|ARM
		Release|x64 = Release|x64
		Release|x86 = Release|x86
		Test|Any CPU = Test|Any CPU
		Test|ARM = Test|ARM
		Test|x64 = Test|x64
		Test|x86 = Test|x86
	EndGlobalSection
	GlobalSection(ProjectConfigurationPlatforms) = postSolution
		{E3287180-2CC9-4937-A25A-E15AD3E2348E}.Debug|Any CPU.ActiveCfg = Debug|Any CPU
		{E3287180-2CC9-4937-A25A-E15AD3E2348E}.Debug|Any CPU.Build.0 = Debug|Any CPU
		{E3287180-2CC9-4937-A25A-E15AD3E2348E}.Debug|ARM.ActiveCfg = Debug|Any CPU
		{E3287180-2CC9-4937-A25A-E15AD3E2348E}.Debug|ARM.Build.0 = Debug|Any CPU
		{E3287180-2CC9-4937-A25A-E15AD3E2348E}.Debug|x64.ActiveCfg = Debug|Any CPU
		{E3287180-2CC9-4937-A25A-E15AD3E2348E}.Debug|x64.Build.0 = Debug|Any CPU
		{E3287180-2CC9-4937-A25A-E15AD3E2348E}.Debug|x86.ActiveCfg = Debug|Any CPU
		{E3287180-2CC9-4937-A25A-E15AD3E2348E}.Debug|x86.Build.0 = Debug|Any CPU
		{E3287180-2CC9-4937-A25A-E15AD3E2348E}.Demo|Any CPU.ActiveCfg = Demo|Any CPU
		{E3287180-2CC9-4937-A25A-E15AD3E2348E}.Demo|Any CPU.Build.0 = Demo|Any CPU
		{E3287180-2CC9-4937-A25A-E15AD3E2348E}.Demo|ARM.ActiveCfg = Demo|Any CPU
		{E3287180-2CC9-4937-A25A-E15AD3E2348E}.Demo|ARM.Build.0 = Demo|Any CPU
		{E3287180-2CC9-4937-A25A-E15AD3E2348E}.Demo|x64.ActiveCfg = Demo|Any CPU
		{E3287180-2CC9-4937-A25A-E15AD3E2348E}.Demo|x64.Build.0 = Demo|Any CPU
		{E3287180-2CC9-4937-A25A-E15AD3E2348E}.Demo|x86.ActiveCfg = Demo|Any CPU
		{E3287180-2CC9-4937-A25A-E15AD3E2348E}.Demo|x86.Build.0 = Demo|Any CPU
		{E3287180-2CC9-4937-A25A-E15AD3E2348E}.Live|Any CPU.ActiveCfg = Live|Any CPU
		{E3287180-2CC9-4937-A25A-E15AD3E2348E}.Live|Any CPU.Build.0 = Live|Any CPU
		{E3287180-2CC9-4937-A25A-E15AD3E2348E}.Live|ARM.ActiveCfg = Live|Any CPU
		{E3287180-2CC9-4937-A25A-E15AD3E2348E}.Live|ARM.Build.0 = Live|Any CPU
		{E3287180-2CC9-4937-A25A-E15AD3E2348E}.Live|x64.ActiveCfg = Live|Any CPU
		{E3287180-2CC9-4937-A25A-E15AD3E2348E}.Live|x64.Build.0 = Live|Any CPU
		{E3287180-2CC9-4937-A25A-E15AD3E2348E}.Live|x86.ActiveCfg = Live|Any CPU
		{E3287180-2CC9-4937-A25A-E15AD3E2348E}.Live|x86.Build.0 = Live|Any CPU
		{E3287180-2CC9-4937-A25A-E15AD3E2348E}.local|Any CPU.ActiveCfg = local|Any CPU
		{E3287180-2CC9-4937-A25A-E15AD3E2348E}.local|Any CPU.Build.0 = local|Any CPU
		{E3287180-2CC9-4937-A25A-E15AD3E2348E}.local|ARM.ActiveCfg = local|Any CPU
		{E3287180-2CC9-4937-A25A-E15AD3E2348E}.local|ARM.Build.0 = local|Any CPU
		{E3287180-2CC9-4937-A25A-E15AD3E2348E}.local|x64.ActiveCfg = local|Any CPU
		{E3287180-2CC9-4937-A25A-E15AD3E2348E}.local|x64.Build.0 = local|Any CPU
		{E3287180-2CC9-4937-A25A-E15AD3E2348E}.local|x86.ActiveCfg = local|Any CPU
		{E3287180-2CC9-4937-A25A-E15AD3E2348E}.local|x86.Build.0 = local|Any CPU
		{E3287180-2CC9-4937-A25A-E15AD3E2348E}.Release|Any CPU.ActiveCfg = Debug|Any CPU
		{E3287180-2CC9-4937-A25A-E15AD3E2348E}.Release|Any CPU.Build.0 = Debug|Any CPU
		{E3287180-2CC9-4937-A25A-E15AD3E2348E}.Release|ARM.ActiveCfg = Release|Any CPU
		{E3287180-2CC9-4937-A25A-E15AD3E2348E}.Release|ARM.Build.0 = Release|Any CPU
		{E3287180-2CC9-4937-A25A-E15AD3E2348E}.Release|x64.ActiveCfg = Release|Any CPU
		{E3287180-2CC9-4937-A25A-E15AD3E2348E}.Release|x64.Build.0 = Release|Any CPU
		{E3287180-2CC9-4937-A25A-E15AD3E2348E}.Release|x86.ActiveCfg = Release|Any CPU
		{E3287180-2CC9-4937-A25A-E15AD3E2348E}.Release|x86.Build.0 = Release|Any CPU
		{E3287180-2CC9-4937-A25A-E15AD3E2348E}.Test|Any CPU.ActiveCfg = Test|Any CPU
		{E3287180-2CC9-4937-A25A-E15AD3E2348E}.Test|Any CPU.Build.0 = Test|Any CPU
		{E3287180-2CC9-4937-A25A-E15AD3E2348E}.Test|ARM.ActiveCfg = Test|Any CPU
		{E3287180-2CC9-4937-A25A-E15AD3E2348E}.Test|ARM.Build.0 = Test|Any CPU
		{E3287180-2CC9-4937-A25A-E15AD3E2348E}.Test|x64.ActiveCfg = Test|Any CPU
		{E3287180-2CC9-4937-A25A-E15AD3E2348E}.Test|x64.Build.0 = Test|Any CPU
		{E3287180-2CC9-4937-A25A-E15AD3E2348E}.Test|x86.ActiveCfg = Test|Any CPU
		{E3287180-2CC9-4937-A25A-E15AD3E2348E}.Test|x86.Build.0 = Test|Any CPU
		{CADCBA3C-31CF-42ED-A24E-EBD920C6DCCD}.Debug|Any CPU.ActiveCfg = Debug|Any CPU
		{CADCBA3C-31CF-42ED-A24E-EBD920C6DCCD}.Debug|Any CPU.Build.0 = Debug|Any CPU
		{CADCBA3C-31CF-42ED-A24E-EBD920C6DCCD}.Debug|ARM.ActiveCfg = Debug|Any CPU
		{CADCBA3C-31CF-42ED-A24E-EBD920C6DCCD}.Debug|ARM.Build.0 = Debug|Any CPU
		{CADCBA3C-31CF-42ED-A24E-EBD920C6DCCD}.Debug|x64.ActiveCfg = Debug|Any CPU
		{CADCBA3C-31CF-42ED-A24E-EBD920C6DCCD}.Debug|x64.Build.0 = Debug|Any CPU
		{CADCBA3C-31CF-42ED-A24E-EBD920C6DCCD}.Debug|x86.ActiveCfg = Debug|Any CPU
		{CADCBA3C-31CF-42ED-A24E-EBD920C6DCCD}.Debug|x86.Build.0 = Debug|Any CPU
		{CADCBA3C-31CF-42ED-A24E-EBD920C6DCCD}.Demo|Any CPU.ActiveCfg = Demo|Any CPU
		{CADCBA3C-31CF-42ED-A24E-EBD920C6DCCD}.Demo|Any CPU.Build.0 = Demo|Any CPU
		{CADCBA3C-31CF-42ED-A24E-EBD920C6DCCD}.Demo|ARM.ActiveCfg = Demo|Any CPU
		{CADCBA3C-31CF-42ED-A24E-EBD920C6DCCD}.Demo|ARM.Build.0 = Demo|Any CPU
		{CADCBA3C-31CF-42ED-A24E-EBD920C6DCCD}.Demo|x64.ActiveCfg = Demo|Any CPU
		{CADCBA3C-31CF-42ED-A24E-EBD920C6DCCD}.Demo|x64.Build.0 = Demo|Any CPU
		{CADCBA3C-31CF-42ED-A24E-EBD920C6DCCD}.Demo|x86.ActiveCfg = Demo|Any CPU
		{CADCBA3C-31CF-42ED-A24E-EBD920C6DCCD}.Demo|x86.Build.0 = Demo|Any CPU
		{CADCBA3C-31CF-42ED-A24E-EBD920C6DCCD}.Live|Any CPU.ActiveCfg = Live|Any CPU
		{CADCBA3C-31CF-42ED-A24E-EBD920C6DCCD}.Live|Any CPU.Build.0 = Live|Any CPU
		{CADCBA3C-31CF-42ED-A24E-EBD920C6DCCD}.Live|ARM.ActiveCfg = Live|Any CPU
		{CADCBA3C-31CF-42ED-A24E-EBD920C6DCCD}.Live|ARM.Build.0 = Live|Any CPU
		{CADCBA3C-31CF-42ED-A24E-EBD920C6DCCD}.Live|x64.ActiveCfg = Live|Any CPU
		{CADCBA3C-31CF-42ED-A24E-EBD920C6DCCD}.Live|x64.Build.0 = Live|Any CPU
		{CADCBA3C-31CF-42ED-A24E-EBD920C6DCCD}.Live|x86.ActiveCfg = Live|Any CPU
		{CADCBA3C-31CF-42ED-A24E-EBD920C6DCCD}.Live|x86.Build.0 = Live|Any CPU
		{CADCBA3C-31CF-42ED-A24E-EBD920C6DCCD}.local|Any CPU.ActiveCfg = local|Any CPU
		{CADCBA3C-31CF-42ED-A24E-EBD920C6DCCD}.local|Any CPU.Build.0 = local|Any CPU
		{CADCBA3C-31CF-42ED-A24E-EBD920C6DCCD}.local|ARM.ActiveCfg = local|Any CPU
		{CADCBA3C-31CF-42ED-A24E-EBD920C6DCCD}.local|ARM.Build.0 = local|Any CPU
		{CADCBA3C-31CF-42ED-A24E-EBD920C6DCCD}.local|x64.ActiveCfg = local|Any CPU
		{CADCBA3C-31CF-42ED-A24E-EBD920C6DCCD}.local|x64.Build.0 = local|Any CPU
		{CADCBA3C-31CF-42ED-A24E-EBD920C6DCCD}.local|x86.ActiveCfg = local|Any CPU
		{CADCBA3C-31CF-42ED-A24E-EBD920C6DCCD}.local|x86.Build.0 = local|Any CPU
		{CADCBA3C-31CF-42ED-A24E-EBD920C6DCCD}.Release|Any CPU.ActiveCfg = Debug|Any CPU
		{CADCBA3C-31CF-42ED-A24E-EBD920C6DCCD}.Release|Any CPU.Build.0 = Debug|Any CPU
		{CADCBA3C-31CF-42ED-A24E-EBD920C6DCCD}.Release|ARM.ActiveCfg = Release|Any CPU
		{CADCBA3C-31CF-42ED-A24E-EBD920C6DCCD}.Release|ARM.Build.0 = Release|Any CPU
		{CADCBA3C-31CF-42ED-A24E-EBD920C6DCCD}.Release|x64.ActiveCfg = Release|Any CPU
		{CADCBA3C-31CF-42ED-A24E-EBD920C6DCCD}.Release|x64.Build.0 = Release|Any CPU
		{CADCBA3C-31CF-42ED-A24E-EBD920C6DCCD}.Release|x86.ActiveCfg = Release|Any CPU
		{CADCBA3C-31CF-42ED-A24E-EBD920C6DCCD}.Release|x86.Build.0 = Release|Any CPU
		{CADCBA3C-31CF-42ED-A24E-EBD920C6DCCD}.Test|Any CPU.ActiveCfg = Test|Any CPU
		{CADCBA3C-31CF-42ED-A24E-EBD920C6DCCD}.Test|Any CPU.Build.0 = Test|Any CPU
		{CADCBA3C-31CF-42ED-A24E-EBD920C6DCCD}.Test|ARM.ActiveCfg = Test|Any CPU
		{CADCBA3C-31CF-42ED-A24E-EBD920C6DCCD}.Test|ARM.Build.0 = Test|Any CPU
		{CADCBA3C-31CF-42ED-A24E-EBD920C6DCCD}.Test|x64.ActiveCfg = Test|Any CPU
		{CADCBA3C-31CF-42ED-A24E-EBD920C6DCCD}.Test|x64.Build.0 = Test|Any CPU
		{CADCBA3C-31CF-42ED-A24E-EBD920C6DCCD}.Test|x86.ActiveCfg = Test|Any CPU
		{CADCBA3C-31CF-42ED-A24E-EBD920C6DCCD}.Test|x86.Build.0 = Test|Any CPU
		{87FD4957-62CC-417F-A6FA-4427ADDE57DD}.Debug|Any CPU.ActiveCfg = Debug|Any CPU
		{87FD4957-62CC-417F-A6FA-4427ADDE57DD}.Debug|ARM.ActiveCfg = Debug|Any CPU
		{87FD4957-62CC-417F-A6FA-4427ADDE57DD}.Debug|ARM.Build.0 = Debug|Any CPU
		{87FD4957-62CC-417F-A6FA-4427ADDE57DD}.Debug|x64.ActiveCfg = Debug|Any CPU
		{87FD4957-62CC-417F-A6FA-4427ADDE57DD}.Debug|x64.Build.0 = Debug|Any CPU
		{87FD4957-62CC-417F-A6FA-4427ADDE57DD}.Debug|x86.ActiveCfg = Debug|Any CPU
		{87FD4957-62CC-417F-A6FA-4427ADDE57DD}.Debug|x86.Build.0 = Debug|Any CPU
		{87FD4957-62CC-417F-A6FA-4427ADDE57DD}.Demo|Any CPU.ActiveCfg = Debug|Any CPU
		{87FD4957-62CC-417F-A6FA-4427ADDE57DD}.Demo|Any CPU.Build.0 = Debug|Any CPU
		{87FD4957-62CC-417F-A6FA-4427ADDE57DD}.Demo|ARM.ActiveCfg = Debug|Any CPU
		{87FD4957-62CC-417F-A6FA-4427ADDE57DD}.Demo|ARM.Build.0 = Debug|Any CPU
		{87FD4957-62CC-417F-A6FA-4427ADDE57DD}.Demo|x64.ActiveCfg = Debug|Any CPU
		{87FD4957-62CC-417F-A6FA-4427ADDE57DD}.Demo|x64.Build.0 = Debug|Any CPU
		{87FD4957-62CC-417F-A6FA-4427ADDE57DD}.Demo|x86.ActiveCfg = Debug|Any CPU
		{87FD4957-62CC-417F-A6FA-4427ADDE57DD}.Demo|x86.Build.0 = Debug|Any CPU
		{87FD4957-62CC-417F-A6FA-4427ADDE57DD}.Live|Any CPU.ActiveCfg = Debug|Any CPU
		{87FD4957-62CC-417F-A6FA-4427ADDE57DD}.Live|Any CPU.Build.0 = Debug|Any CPU
		{87FD4957-62CC-417F-A6FA-4427ADDE57DD}.Live|ARM.ActiveCfg = Debug|Any CPU
		{87FD4957-62CC-417F-A6FA-4427ADDE57DD}.Live|ARM.Build.0 = Debug|Any CPU
		{87FD4957-62CC-417F-A6FA-4427ADDE57DD}.Live|x64.ActiveCfg = Debug|Any CPU
		{87FD4957-62CC-417F-A6FA-4427ADDE57DD}.Live|x64.Build.0 = Debug|Any CPU
		{87FD4957-62CC-417F-A6FA-4427ADDE57DD}.Live|x86.ActiveCfg = Debug|Any CPU
		{87FD4957-62CC-417F-A6FA-4427ADDE57DD}.Live|x86.Build.0 = Debug|Any CPU
		{87FD4957-62CC-417F-A6FA-4427ADDE57DD}.local|Any CPU.ActiveCfg = Debug|Any CPU
		{87FD4957-62CC-417F-A6FA-4427ADDE57DD}.local|ARM.ActiveCfg = Debug|Any CPU
		{87FD4957-62CC-417F-A6FA-4427ADDE57DD}.local|ARM.Build.0 = Debug|Any CPU
		{87FD4957-62CC-417F-A6FA-4427ADDE57DD}.local|x64.ActiveCfg = Debug|Any CPU
		{87FD4957-62CC-417F-A6FA-4427ADDE57DD}.local|x64.Build.0 = Debug|Any CPU
		{87FD4957-62CC-417F-A6FA-4427ADDE57DD}.local|x86.ActiveCfg = Debug|Any CPU
		{87FD4957-62CC-417F-A6FA-4427ADDE57DD}.local|x86.Build.0 = Debug|Any CPU
		{87FD4957-62CC-417F-A6FA-4427ADDE57DD}.Release|Any CPU.ActiveCfg = Debug|Any CPU
		{87FD4957-62CC-417F-A6FA-4427ADDE57DD}.Release|ARM.ActiveCfg = Debug|Any CPU
		{87FD4957-62CC-417F-A6FA-4427ADDE57DD}.Release|ARM.Build.0 = Debug|Any CPU
		{87FD4957-62CC-417F-A6FA-4427ADDE57DD}.Release|x64.ActiveCfg = Debug|Any CPU
		{87FD4957-62CC-417F-A6FA-4427ADDE57DD}.Release|x64.Build.0 = Debug|Any CPU
		{87FD4957-62CC-417F-A6FA-4427ADDE57DD}.Release|x86.ActiveCfg = Debug|Any CPU
		{87FD4957-62CC-417F-A6FA-4427ADDE57DD}.Release|x86.Build.0 = Debug|Any CPU
		{87FD4957-62CC-417F-A6FA-4427ADDE57DD}.Test|Any CPU.ActiveCfg = Debug|Any CPU
		{87FD4957-62CC-417F-A6FA-4427ADDE57DD}.Test|ARM.ActiveCfg = Debug|Any CPU
		{87FD4957-62CC-417F-A6FA-4427ADDE57DD}.Test|ARM.Build.0 = Debug|Any CPU
		{87FD4957-62CC-417F-A6FA-4427ADDE57DD}.Test|x64.ActiveCfg = Debug|Any CPU
		{87FD4957-62CC-417F-A6FA-4427ADDE57DD}.Test|x64.Build.0 = Debug|Any CPU
		{87FD4957-62CC-417F-A6FA-4427ADDE57DD}.Test|x86.ActiveCfg = Debug|Any CPU
		{87FD4957-62CC-417F-A6FA-4427ADDE57DD}.Test|x86.Build.0 = Debug|Any CPU
		{F00C037E-ABF1-429D-A044-C305CE6A8062}.Debug|Any CPU.ActiveCfg = Debug|Any CPU
		{F00C037E-ABF1-429D-A044-C305CE6A8062}.Debug|Any CPU.Build.0 = Debug|Any CPU
		{F00C037E-ABF1-429D-A044-C305CE6A8062}.Debug|ARM.ActiveCfg = Debug|Any CPU
		{F00C037E-ABF1-429D-A044-C305CE6A8062}.Debug|ARM.Build.0 = Debug|Any CPU
		{F00C037E-ABF1-429D-A044-C305CE6A8062}.Debug|x64.ActiveCfg = Debug|Any CPU
		{F00C037E-ABF1-429D-A044-C305CE6A8062}.Debug|x64.Build.0 = Debug|Any CPU
		{F00C037E-ABF1-429D-A044-C305CE6A8062}.Debug|x86.ActiveCfg = Debug|Any CPU
		{F00C037E-ABF1-429D-A044-C305CE6A8062}.Debug|x86.Build.0 = Debug|Any CPU
		{F00C037E-ABF1-429D-A044-C305CE6A8062}.Demo|Any CPU.ActiveCfg = Demo|Any CPU
		{F00C037E-ABF1-429D-A044-C305CE6A8062}.Demo|Any CPU.Build.0 = Demo|Any CPU
		{F00C037E-ABF1-429D-A044-C305CE6A8062}.Demo|ARM.ActiveCfg = Demo|Any CPU
		{F00C037E-ABF1-429D-A044-C305CE6A8062}.Demo|ARM.Build.0 = Demo|Any CPU
		{F00C037E-ABF1-429D-A044-C305CE6A8062}.Demo|x64.ActiveCfg = Demo|Any CPU
		{F00C037E-ABF1-429D-A044-C305CE6A8062}.Demo|x64.Build.0 = Demo|Any CPU
		{F00C037E-ABF1-429D-A044-C305CE6A8062}.Demo|x86.ActiveCfg = Demo|Any CPU
		{F00C037E-ABF1-429D-A044-C305CE6A8062}.Demo|x86.Build.0 = Demo|Any CPU
		{F00C037E-ABF1-429D-A044-C305CE6A8062}.Live|Any CPU.ActiveCfg = Live|Any CPU
		{F00C037E-ABF1-429D-A044-C305CE6A8062}.Live|Any CPU.Build.0 = Live|Any CPU
		{F00C037E-ABF1-429D-A044-C305CE6A8062}.Live|ARM.ActiveCfg = Live|Any CPU
		{F00C037E-ABF1-429D-A044-C305CE6A8062}.Live|ARM.Build.0 = Live|Any CPU
		{F00C037E-ABF1-429D-A044-C305CE6A8062}.Live|x64.ActiveCfg = Live|Any CPU
		{F00C037E-ABF1-429D-A044-C305CE6A8062}.Live|x64.Build.0 = Live|Any CPU
		{F00C037E-ABF1-429D-A044-C305CE6A8062}.Live|x86.ActiveCfg = Live|Any CPU
		{F00C037E-ABF1-429D-A044-C305CE6A8062}.Live|x86.Build.0 = Live|Any CPU
		{F00C037E-ABF1-429D-A044-C305CE6A8062}.local|Any CPU.ActiveCfg = Release|Any CPU
		{F00C037E-ABF1-429D-A044-C305CE6A8062}.local|Any CPU.Build.0 = Release|Any CPU
		{F00C037E-ABF1-429D-A044-C305CE6A8062}.local|ARM.ActiveCfg = Release|Any CPU
		{F00C037E-ABF1-429D-A044-C305CE6A8062}.local|ARM.Build.0 = Release|Any CPU
		{F00C037E-ABF1-429D-A044-C305CE6A8062}.local|x64.ActiveCfg = Release|Any CPU
		{F00C037E-ABF1-429D-A044-C305CE6A8062}.local|x64.Build.0 = Release|Any CPU
		{F00C037E-ABF1-429D-A044-C305CE6A8062}.local|x86.ActiveCfg = Release|Any CPU
		{F00C037E-ABF1-429D-A044-C305CE6A8062}.local|x86.Build.0 = Release|Any CPU
		{F00C037E-ABF1-429D-A044-C305CE6A8062}.Release|Any CPU.ActiveCfg = Release|Any CPU
		{F00C037E-ABF1-429D-A044-C305CE6A8062}.Release|Any CPU.Build.0 = Release|Any CPU
		{F00C037E-ABF1-429D-A044-C305CE6A8062}.Release|ARM.ActiveCfg = Release|Any CPU
		{F00C037E-ABF1-429D-A044-C305CE6A8062}.Release|ARM.Build.0 = Release|Any CPU
		{F00C037E-ABF1-429D-A044-C305CE6A8062}.Release|x64.ActiveCfg = Release|Any CPU
		{F00C037E-ABF1-429D-A044-C305CE6A8062}.Release|x64.Build.0 = Release|Any CPU
		{F00C037E-ABF1-429D-A044-C305CE6A8062}.Release|x86.ActiveCfg = Release|Any CPU
		{F00C037E-ABF1-429D-A044-C305CE6A8062}.Release|x86.Build.0 = Release|Any CPU
		{F00C037E-ABF1-429D-A044-C305CE6A8062}.Test|Any CPU.ActiveCfg = Debug|Any CPU
		{F00C037E-ABF1-429D-A044-C305CE6A8062}.Test|Any CPU.Build.0 = Debug|Any CPU
		{F00C037E-ABF1-429D-A044-C305CE6A8062}.Test|ARM.ActiveCfg = Release|Any CPU
		{F00C037E-ABF1-429D-A044-C305CE6A8062}.Test|ARM.Build.0 = Release|Any CPU
		{F00C037E-ABF1-429D-A044-C305CE6A8062}.Test|x64.ActiveCfg = Release|Any CPU
		{F00C037E-ABF1-429D-A044-C305CE6A8062}.Test|x64.Build.0 = Release|Any CPU
		{F00C037E-ABF1-429D-A044-C305CE6A8062}.Test|x86.ActiveCfg = Release|Any CPU
		{F00C037E-ABF1-429D-A044-C305CE6A8062}.Test|x86.Build.0 = Release|Any CPU
	EndGlobalSection
	GlobalSection(SolutionProperties) = preSolution
		HideSolutionNode = FALSE
	EndGlobalSection
	GlobalSection(ExtensibilityGlobals) = postSolution
		SolutionGuid = {511C853B-3554-40EF-91BD-6A0470EA6CF6}
	EndGlobalSection
EndGlobal
